
Microsoft Visual Studio Solution File, Format Version 12.00
# Visual Studio Version 16
VisualStudioVersion = 16.0.30320.27
MinimumVisualStudioVersion = 10.0.40219.1
Project("{FAE04EC0-301F-11D3-BF4B-00C04F79EFBC}") = "Code Challenge_Day 26 Nested Logic", "Code Challenge_Day 26 Nested Logic\Code Challenge_Day 26 Nested Logic.csproj", "{3A69FB29-30AE-4BCC-ACDE-9CA128DBFF33}"
EndProject
Global
	GlobalSection(SolutionConfigurationPlatforms) = preSolution
		Debug|Any CPU = Debug|Any CPU
		Release|Any CPU = Release|Any CPU
	EndGlobalSection
	GlobalSection(ProjectConfigurationPlatforms) = postSolution
		{3A69FB29-30AE-4BCC-ACDE-9CA128DBFF33}.Debug|Any CPU.ActiveCfg = Debug|Any CPU
		{3A69FB29-30AE-4BCC-ACDE-9CA128DBFF33}.Debug|Any CPU.Build.0 = Debug|Any CPU
		{3A69FB29-30AE-4BCC-ACDE-9CA128DBFF33}.Release|Any CPU.ActiveCfg = Release|Any CPU
		{3A69FB29-30AE-4BCC-ACDE-9CA128DBFF33}.Release|Any CPU.Build.0 = Release|Any CPU
	EndGlobalSection
	GlobalSection(SolutionProperties) = preSolution
		HideSolutionNode = FALSE
	EndGlobalSection
	GlobalSection(ExtensibilityGlobals) = postSolution
		SolutionGuid = {F284D49B-325C-429F-B838-B659AF17AC7C}
	EndGlobalSection
EndGlobal
